{
  "lockfileVersion": 1,
  "configVersion": 1,
  "workspaces": {
    "": {
      "name": "restty",
      "devDependencies": {
        "@webgpu/types": "^0.1.69",
        "oxlint": "^1.19.0",
        "prettier": "^3.6.2",
        "typescript": "^5.9.3",
        "wgpu-polyfill": "^0.1.0",
      },
    },
  },
  "packages": {
    "@oxlint/darwin-arm64": ["@oxlint/darwin-arm64@1.43.0", "", { "os": "darwin", "cpu": "arm64" }, "sha512-C/GhObv/pQZg34NOzB6Mk8x0wc9AKj8fXzJF8ZRKTsBPyHusC6AZ6bba0QG0TUufw1KWuD0j++oebQfWeiFXNw=="],

    "@oxlint/darwin-x64": ["@oxlint/darwin-x64@1.43.0", "", { "os": "darwin", "cpu": "x64" }, "sha512-4NjfUtEEH8ewRQ2KlZGmm6DyrvypMdHwBnQT92vD0dLScNOQzr0V9O8Ua4IWXdeCNl/XMVhAV3h4/3YEYern5A=="],

    "@oxlint/linux-arm64-gnu": ["@oxlint/linux-arm64-gnu@1.43.0", "", { "os": "linux", "cpu": "arm64" }, "sha512-75tf1HvwdZ3ebk83yMbSB+moAEWK98mYqpXiaFAi6Zshie7r+Cx5PLXZFUEqkscenoZ+fcNXakHxfn94V6nf1g=="],

    "@oxlint/linux-arm64-musl": ["@oxlint/linux-arm64-musl@1.43.0", "", { "os": "linux", "cpu": "arm64" }, "sha512-BHV4fb36T2p/7bpA9fiJ5ayt7oJbiYX10nklW5arYp4l9/9yG/FQC5J4G1evzbJ/YbipF9UH0vYBAm5xbqGrvw=="],

    "@oxlint/linux-x64-gnu": ["@oxlint/linux-x64-gnu@1.43.0", "", { "os": "linux", "cpu": "x64" }, "sha512-1l3nvnzWWse1YHibzZ4HQXdF/ibfbKZhp9IguElni3bBqEyPEyurzZ0ikWynDxKGXqZa+UNXTFuU1NRVX1RJ3g=="],

    "@oxlint/linux-x64-musl": ["@oxlint/linux-x64-musl@1.43.0", "", { "os": "linux", "cpu": "x64" }, "sha512-+jNYgLGRFTJxJuaSOZJBwlYo5M0TWRw0+3y5MHOL4ArrIdHyCthg6r4RbVWrsR1qUfUE1VSSHQ2bfbC99RXqMg=="],

    "@oxlint/win32-arm64": ["@oxlint/win32-arm64@1.43.0", "", { "os": "win32", "cpu": "arm64" }, "sha512-dvs1C/HCjCyGTURMagiHprsOvVTT3omDiSzi5Qw0D4QFJ1pEaNlfBhVnOUYgUfS6O7Mcmj4+G+sidRsQcWQ/kA=="],

    "@oxlint/win32-x64": ["@oxlint/win32-x64@1.43.0", "", { "os": "win32", "cpu": "x64" }, "sha512-bSuItSU8mTSDsvmmLTepTdCL2FkJI6dwt9tot/k0EmiYF+ArRzmsl4lXVLssJNRV5lJEc5IViyTrh7oiwrjUqA=="],

    "@webgpu/types": ["@webgpu/types@0.1.69", "", {}, "sha512-RPmm6kgRbI8e98zSD3RVACvnuktIja5+yLgDAkTmxLr90BEwdTXRQWNLF3ETTTyH/8mKhznZuN5AveXYFEsMGQ=="],

    "oxlint": ["oxlint@1.43.0", "", { "optionalDependencies": { "@oxlint/darwin-arm64": "1.43.0", "@oxlint/darwin-x64": "1.43.0", "@oxlint/linux-arm64-gnu": "1.43.0", "@oxlint/linux-arm64-musl": "1.43.0", "@oxlint/linux-x64-gnu": "1.43.0", "@oxlint/linux-x64-musl": "1.43.0", "@oxlint/win32-arm64": "1.43.0", "@oxlint/win32-x64": "1.43.0" }, "peerDependencies": { "oxlint-tsgolint": ">=0.11.2" }, "optionalPeers": ["oxlint-tsgolint"], "bin": { "oxlint": "bin/oxlint" } }, "sha512-xiqTCsKZch+R61DPCjyqUVP2MhkQlRRYxLRBeBDi+dtQJ90MOgdcjIktvDCgXz0bgtx94EQzHEndsizZjMX2OA=="],

    "prettier": ["prettier@3.8.1", "", { "bin": { "prettier": "bin/prettier.cjs" } }, "sha512-UOnG6LftzbdaHZcKoPFtOcCKztrQ57WkHDeRD9t/PTQtmT0NHSeWWepj6pS0z/N7+08BHFDQVUrfmfMRcZwbMg=="],

    "typescript": ["typescript@5.9.3", "", { "bin": { "tsc": "bin/tsc", "tsserver": "bin/tsserver" } }, "sha512-jl1vZzPDinLr9eUt3J/t7V6FgNEw9QjvBPdysz9KfQDD41fQrC2Y4vKQdiaUpFT4bXlb1RHhLpp8wtm6M5TgSw=="],

    "wgpu-polyfill": ["wgpu-polyfill@0.1.0", "", { "os": [ "linux", "win32", "darwin", ], "cpu": [ "x64", "arm64", ] }, "sha512-baSM+uVnbatKAyuYcBGmACkxEVDgDVGAiEORFeCpp6YmQ8EdN4kXj2Jsc5cqGySw8DI5xj6BpTisUbrf3vM9FQ=="],
  }
}
